
Microsoft Visual Studio Solution File, Format Version 12.00
# Visual Studio Version 16
VisualStudioVersion = 16.0.29728.190
MinimumVisualStudioVersion = 10.0.40219.1
Project("{FAE04EC0-301F-11D3-BF4B-00C04F79EFBC}") = "FrontendAssignment.WebForms", "FrontendAssignment.WebForms.csproj", "{55FE8193-930D-4905-9760-2A22D61F36D0}"
EndProject
Global
	GlobalSection(SolutionConfigurationPlatforms) = preSolution
		Debug|Any CPU = Debug|Any CPU
		Release|Any CPU = Release|Any CPU
	EndGlobalSection
	GlobalSection(ProjectConfigurationPlatforms) = postSolution
		{55FE8193-930D-4905-9760-2A22D61F36D0}.Debug|Any CPU.ActiveCfg = Debug|Any CPU
		{55FE8193-930D-4905-9760-2A22D61F36D0}.Debug|Any CPU.Build.0 = Debug|Any CPU
		{55FE8193-930D-4905-9760-2A22D61F36D0}.Release|Any CPU.ActiveCfg = Release|Any CPU
		{55FE8193-930D-4905-9760-2A22D61F36D0}.Release|Any CPU.Build.0 = Release|Any CPU
	EndGlobalSection
	GlobalSection(SolutionProperties) = preSolution
		HideSolutionNode = FALSE
	EndGlobalSection
	GlobalSection(ExtensibilityGlobals) = postSolution
		SolutionGuid = {F63B7E0B-6580-4AD8-BEC8-A37806CB365B}
	EndGlobalSection
EndGlobal
